// !$*UTF8*$!
{
	archiveVersion = 1;
	classes = {
	};
	objectVersion = 46;
	objects = {

/* Begin PBXBuildFile section */
		46D32CAF19C247C3006A5B83 /* Foundation.framework in Frameworks */ = {isa = PBXBuildFile; fileRef = 46D32CAE19C247C3006A5B83 /* Foundation.framework */; };
		46D32CB119C247C3006A5B83 /* CoreGraphics.framework in Frameworks */ = {isa = PBXBuildFile; fileRef = 46D32CB019C247C3006A5B83 /* CoreGraphics.framework */; };
		46D32CB319C247C3006A5B83 /* UIKit.framework in Frameworks */ = {isa = PBXBuildFile; fileRef = 46D32CB219C247C3006A5B83 /* UIKit.framework */; };
		46D32CB519C247C3006A5B83 /* CoreData.framework in Frameworks */ = {isa = PBXBuildFile; fileRef = 46D32CB419C247C3006A5B83 /* CoreData.framework */; };
		46D32CBB19C247C3006A5B83 /* InfoPlist.strings in Resources */ = {isa = PBXBuildFile; fileRef = 46D32CB919C247C3006A5B83 /* InfoPlist.strings */; };
		46D32CBD19C247C3006A5B83 /* main.m in Sources */ = {isa = PBXBuildFile; fileRef = 46D32CBC19C247C3006A5B83 /* main.m */; };
		46D32CC119C247C3006A5B83 /* AppDelegate.m in Sources */ = {isa = PBXBuildFile; fileRef = 46D32CC019C247C3006A5B83 /* AppDelegate.m */; };
		46D32CC419C247C3006A5B83 /* CoreDataApp.xcdatamodeld in Sources */ = {isa = PBXBuildFile; fileRef = 46D32CC219C247C3006A5B83 /* CoreDataApp.xcdatamodeld */; };
		46D32CC619C247C3006A5B83 /* Images.xcassets in Resources */ = {isa = PBXBuildFile; fileRef = 46D32CC519C247C3006A5B83 /* Images.xcassets */; };
		46D32CCD19C247C3006A5B83 /* XCTest.framework in Frameworks */ = {isa = PBXBuildFile; fileRef = 46D32CCC19C247C3006A5B83 /* XCTest.framework */; };
		46D32CCE19C247C3006A5B83 /* Foundation.framework in Frameworks */ = {isa = PBXBuildFile; fileRef = 46D32CAE19C247C3006A5B83 /* Foundation.framework */; };
		46D32CCF19C247C3006A5B83 /* UIKit.framework in Frameworks */ = {isa = PBXBuildFile; fileRef = 46D32CB219C247C3006A5B83 /* UIKit.framework */; };
		46D32CD019C247C3006A5B83 /* CoreData.framework in Frameworks */ = {isa = PBXBuildFile; fileRef = 46D32CB419C247C3006A5B83 /* CoreData.framework */; };
		46D32CD819C247C3006A5B83 /* InfoPlist.strings in Resources */ = {isa = PBXBuildFile; fileRef = 46D32CD619C247C3006A5B83 /* InfoPlist.strings */; };
		46D32CDA19C247C3006A5B83 /* CoreDataAppTests.m in Sources */ = {isa = PBXBuildFile; fileRef = 46D32CD919C247C3006A5B83 /* CoreDataAppTests.m */; };
		46D32CEA19C24DC7006A5B83 /* ListViewController.m in Sources */ = {isa = PBXBuildFile; fileRef = 46D32CE819C24DC7006A5B83 /* ListViewController.m */; };
		46D32CEB19C24DC7006A5B83 /* ListViewController.xib in Resources */ = {isa = PBXBuildFile; fileRef = 46D32CE919C24DC7006A5B83 /* ListViewController.xib */; };
		46D32CEF19C24F05006A5B83 /* SimpleTableCell.m in Sources */ = {isa = PBXBuildFile; fileRef = 46D32CED19C24F05006A5B83 /* SimpleTableCell.m */; };
		46D32CF019C24F05006A5B83 /* SimpleTableCell.xib in Resources */ = {isa = PBXBuildFile; fileRef = 46D32CEE19C24F05006A5B83 /* SimpleTableCell.xib */; };
		46D32CF419C2561D006A5B83 /* AddViewController.m in Sources */ = {isa = PBXBuildFile; fileRef = 46D32CF219C2561D006A5B83 /* AddViewController.m */; };
		46D32CF519C2561D006A5B83 /* AddViewController.xib in Resources */ = {isa = PBXBuildFile; fileRef = 46D32CF319C2561D006A5B83 /* AddViewController.xib */; };
/* End PBXBuildFile section */

/* Begin PBXContainerItemProxy section */
		46D32CD119C247C3006A5B83 /* PBXContainerItemProxy */ = {
			isa = PBXContainerItemProxy;
			containerPortal = 46D32CA319C247C3006A5B83 /* Project object */;
			proxyType = 1;
			remoteGlobalIDString = 46D32CAA19C247C3006A5B83;
			remoteInfo = CoreDataApp;
		};
/* End PBXContainerItemProxy section */

/* Begin PBXFileReference section */
		46D32CAB19C247C3006A5B83 /* CoreDataApp.app */ = {isa = PBXFileReference; explicitFileType = wrapper.application; includeInIndex = 0; path = CoreDataApp.app; sourceTree = BUILT_PRODUCTS_DIR; };
		46D32CAE19C247C3006A5B83 /* Foundation.framework */ = {isa = PBXFileReference; lastKnownFileType = wrapper.framework; name = Foundation.framework; path = System/Library/Frameworks/Foundation.framework; sourceTree = SDKROOT; };
		46D32CB019C247C3006A5B83 /* CoreGraphics.framework */ = {isa = PBXFileReference; lastKnownFileType = wrapper.framework; name = CoreGraphics.framework; path = System/Library/Frameworks/CoreGraphics.framework; sourceTree = SDKROOT; };
		46D32CB219C247C3006A5B83 /* UIKit.framework */ = {isa = PBXFileReference; lastKnownFileType = wrapper.framework; name = UIKit.framework; path = System/Library/Frameworks/UIKit.framework; sourceTree = SDKROOT; };
		46D32CB419C247C3006A5B83 /* CoreData.framework */ = {isa = PBXFileReference; lastKnownFileType = wrapper.framework; name = CoreData.framework; path = System/Library/Frameworks/CoreData.framework; sourceTree = SDKROOT; };
		46D32CB819C247C3006A5B83 /* CoreDataApp-Info.plist */ = {isa = PBXFileReference; lastKnownFileType = text.plist.xml; path = "CoreDataApp-Info.plist"; sourceTree = "<group>"; };
		46D32CBA19C247C3006A5B83 /* en */ = {isa = PBXFileReference; lastKnownFileType = text.plist.strings; name = en; path = en.lproj/InfoPlist.strings; sourceTree = "<group>"; };
		46D32CBC19C247C3006A5B83 /* main.m */ = {isa = PBXFileReference; lastKnownFileType = sourcecode.c.objc; path = main.m; sourceTree = "<group>"; };
		46D32CBE19C247C3006A5B83 /* CoreDataApp-Prefix.pch */ = {isa = PBXFileReference; lastKnownFileType = sourcecode.c.h; path = "CoreDataApp-Prefix.pch"; sourceTree = "<group>"; };
		46D32CBF19C247C3006A5B83 /* AppDelegate.h */ = {isa = PBXFileReference; lastKnownFileType = sourcecode.c.h; path = AppDelegate.h; sourceTree = "<group>"; };
		46D32CC019C247C3006A5B83 /* AppDelegate.m */ = {isa = PBXFileReference; lastKnownFileType = sourcecode.c.objc; path = AppDelegate.m; sourceTree = "<group>"; };
		46D32CC319C247C3006A5B83 /* CoreDataApp.xcdatamodel */ = {isa = PBXFileReference; lastKnownFileType = wrapper.xcdatamodel; path = CoreDataApp.xcdatamodel; sourceTree = "<group>"; };
		46D32CC519C247C3006A5B83 /* Images.xcassets */ = {isa = PBXFileReference; lastKnownFileType = folder.assetcatalog; path = Images.xcassets; sourceTree = "<group>"; };
		46D32CCB19C247C3006A5B83 /* CoreDataAppTests.xctest */ = {isa = PBXFileReference; explicitFileType = wrapper.cfbundle; includeInIndex = 0; path = CoreDataAppTests.xctest; sourceTree = BUILT_PRODUCTS_DIR; };
		46D32CCC19C247C3006A5B83 /* XCTest.framework */ = {isa = PBXFileReference; lastKnownFileType = wrapper.framework; name = XCTest.framework; path = Library/Frameworks/XCTest.framework; sourceTree = DEVELOPER_DIR; };
		46D32CD519C247C3006A5B83 /* CoreDataAppTests-Info.plist */ = {isa = PBXFileReference; lastKnownFileType = text.plist.xml; path = "CoreDataAppTests-Info.plist"; sourceTree = "<group>"; };
		46D32CD719C247C3006A5B83 /* en */ = {isa = PBXFileReference; lastKnownFileType = text.plist.strings; name = en; path = en.lproj/InfoPlist.strings; sourceTree = "<group>"; };
		46D32CD919C247C3006A5B83 /* CoreDataAppTests.m */ = {isa = PBXFileReference; lastKnownFileType = sourcecode.c.objc; path = CoreDataAppTests.m; sourceTree = "<group>"; };
		46D32CE719C24DC7006A5B83 /* ListViewController.h */ = {isa = PBXFileReference; fileEncoding = 4; lastKnownFileType = sourcecode.c.h; path = ListViewController.h; sourceTree = "<group>"; };
		46D32CE819C24DC7006A5B83 /* ListViewController.m */ = {isa = PBXFileReference; fileEncoding = 4; lastKnownFileType = sourcecode.c.objc; path = ListViewController.m; sourceTree = "<group>"; };
		46D32CE919C24DC7006A5B83 /* ListViewController.xib */ = {isa = PBXFileReference; fileEncoding = 4; lastKnownFileType = file.xib; path = ListViewController.xib; sourceTree = "<group>"; };
		46D32CEC19C24F05006A5B83 /* SimpleTableCell.h */ = {isa = PBXFileReference; fileEncoding = 4; lastKnownFileType = sourcecode.c.h; path = SimpleTableCell.h; sourceTree = "<group>"; };
		46D32CED19C24F05006A5B83 /* SimpleTableCell.m */ = {isa = PBXFileReference; fileEncoding = 4; lastKnownFileType = sourcecode.c.objc; path = SimpleTableCell.m; sourceTree = "<group>"; };
		46D32CEE19C24F05006A5B83 /* SimpleTableCell.xib */ = {isa = PBXFileReference; fileEncoding = 4; lastKnownFileType = file.xib; path = SimpleTableCell.xib; sourceTree = "<group>"; };
		46D32CF119C2561D006A5B83 /* AddViewController.h */ = {isa = PBXFileReference; fileEncoding = 4; lastKnownFileType = sourcecode.c.h; path = AddViewController.h; sourceTree = "<group>"; };
		46D32CF219C2561D006A5B83 /* AddViewController.m */ = {isa = PBXFileReference; fileEncoding = 4; lastKnownFileType = sourcecode.c.objc; path = AddViewController.m; sourceTree = "<group>"; };
		46D32CF319C2561D006A5B83 /* AddViewController.xib */ = {isa = PBXFileReference; fileEncoding = 4; lastKnownFileType = file.xib; path = AddViewController.xib; sourceTree = "<group>"; };
/* End PBXFileReference section */

/* Begin PBXFrameworksBuildPhase section */
		46D32CA819C247C3006A5B83 /* Frameworks */ = {
			isa = PBXFrameworksBuildPhase;
			buildActionMask = 2147483647;
			files = (
				46D32CB119C247C3006A5B83 /* CoreGraphics.framework in Frameworks */,
				46D32CB519C247C3006A5B83 /* CoreData.framework in Frameworks */,
				46D32CB319C247C3006A5B83 /* UIKit.framework in Frameworks */,
				46D32CAF19C247C3006A5B83 /* Foundation.framework in Frameworks */,
			);
			runOnlyForDeploymentPostprocessing = 0;
		};
		46D32CC819C247C3006A5B83 /* Frameworks */ = {
			isa = PBXFrameworksBuildPhase;
			buildActionMask = 2147483647;
			files = (
				46D32CCD19C247C3006A5B83 /* XCTest.framework in Frameworks */,
				46D32CD019C247C3006A5B83 /* CoreData.framework in Frameworks */,
				46D32CCF19C247C3006A5B83 /* UIKit.framework in Frameworks */,
				46D32CCE19C247C3006A5B83 /* Foundation.framework in Frameworks */,
			);
			runOnlyForDeploymentPostprocessing = 0;
		};
/* End PBXFrameworksBuildPhase section */

/* Begin PBXGroup section */
		46D32CA219C247C3006A5B83 = {
			isa = PBXGroup;
			children = (
				46D32CB619C247C3006A5B83 /* CoreDataApp */,
				46D32CD319C247C3006A5B83 /* CoreDataAppTests */,
				46D32CAD19C247C3006A5B83 /* Frameworks */,
				46D32CAC19C247C3006A5B83 /* Products */,
			);
			sourceTree = "<group>";
		};
		46D32CAC19C247C3006A5B83 /* Products */ = {
			isa = PBXGroup;
			children = (
				46D32CAB19C247C3006A5B83 /* CoreDataApp.app */,
				46D32CCB19C247C3006A5B83 /* CoreDataAppTests.xctest */,
			);
			name = Products;
			sourceTree = "<group>";
		};
		46D32CAD19C247C3006A5B83 /* Frameworks */ = {
			isa = PBXGroup;
			children = (
				46D32CAE19C247C3006A5B83 /* Foundation.framework */,
				46D32CB019C247C3006A5B83 /* CoreGraphics.framework */,
				46D32CB219C247C3006A5B83 /* UIKit.framework */,
				46D32CB419C247C3006A5B83 /* CoreData.framework */,
				46D32CCC19C247C3006A5B83 /* XCTest.framework */,
			);
			name = Frameworks;
			sourceTree = "<group>";
		};
		46D32CB619C247C3006A5B83 /* CoreDataApp */ = {
			isa = PBXGroup;
			children = (
				46D32CE619C2490B006A5B83 /* Controllers */,
				46D32CE519C24905006A5B83 /* Views */,
				46D32CE419C248FC006A5B83 /* Models */,
				46D32CE319C248ED006A5B83 /* AppDelegate */,
				46D32CC519C247C3006A5B83 /* Images.xcassets */,
				46D32CB719C247C3006A5B83 /* Supporting Files */,
			);
			path = CoreDataApp;
			sourceTree = "<group>";
		};
		46D32CB719C247C3006A5B83 /* Supporting Files */ = {
			isa = PBXGroup;
			children = (
				46D32CB819C247C3006A5B83 /* CoreDataApp-Info.plist */,
				46D32CB919C247C3006A5B83 /* InfoPlist.strings */,
				46D32CBC19C247C3006A5B83 /* main.m */,
				46D32CBE19C247C3006A5B83 /* CoreDataApp-Prefix.pch */,
			);
			name = "Supporting Files";
			sourceTree = "<group>";
		};
		46D32CD319C247C3006A5B83 /* CoreDataAppTests */ = {
			isa = PBXGroup;
			children = (
				46D32CD919C247C3006A5B83 /* CoreDataAppTests.m */,
				46D32CD419C247C3006A5B83 /* Supporting Files */,
			);
			path = CoreDataAppTests;
			sourceTree = "<group>";
		};
		46D32CD419C247C3006A5B83 /* Supporting Files */ = {
			isa = PBXGroup;
			children = (
				46D32CD519C247C3006A5B83 /* CoreDataAppTests-Info.plist */,
				46D32CD619C247C3006A5B83 /* InfoPlist.strings */,
			);
			name = "Supporting Files";
			sourceTree = "<group>";
		};
		46D32CE319C248ED006A5B83 /* AppDelegate */ = {
			isa = PBXGroup;
			children = (
				46D32CBF19C247C3006A5B83 /* AppDelegate.h */,
				46D32CC019C247C3006A5B83 /* AppDelegate.m */,
			);
			name = AppDelegate;
			sourceTree = "<group>";
		};
		46D32CE419C248FC006A5B83 /* Models */ = {
			isa = PBXGroup;
			children = (
				46D32CC219C247C3006A5B83 /* CoreDataApp.xcdatamodeld */,
			);
			name = Models;
			sourceTree = "<group>";
		};
		46D32CE519C24905006A5B83 /* Views */ = {
			isa = PBXGroup;
			children = (
				46D32CF319C2561D006A5B83 /* AddViewController.xib */,
				46D32CEE19C24F05006A5B83 /* SimpleTableCell.xib */,
				46D32CE919C24DC7006A5B83 /* ListViewController.xib */,
			);
			name = Views;
			sourceTree = "<group>";
		};
		46D32CE619C2490B006A5B83 /* Controllers */ = {
			isa = PBXGroup;
			children = (
				46D32CEC19C24F05006A5B83 /* SimpleTableCell.h */,
				46D32CED19C24F05006A5B83 /* SimpleTableCell.m */,
				46D32CE719C24DC7006A5B83 /* ListViewController.h */,
				46D32CE819C24DC7006A5B83 /* ListViewController.m */,
				46D32CF119C2561D006A5B83 /* AddViewController.h */,
				46D32CF219C2561D006A5B83 /* AddViewController.m */,
			);
			name = Controllers;
			sourceTree = "<group>";
		};
/* End PBXGroup section */

/* Begin PBXNativeTarget section */
		46D32CAA19C247C3006A5B83 /* CoreDataApp */ = {
			isa = PBXNativeTarget;
			buildConfigurationList = 46D32CDD19C247C3006A5B83 /* Build configuration list for PBXNativeTarget "CoreDataApp" */;
			buildPhases = (
				46D32CA719C247C3006A5B83 /* Sources */,
				46D32CA819C247C3006A5B83 /* Frameworks */,
				46D32CA919C247C3006A5B83 /* Resources */,
			);
			buildRules = (
			);
			dependencies = (
			);
			name = CoreDataApp;
			productName = CoreDataApp;
			productReference = 46D32CAB19C247C3006A5B83 /* CoreDataApp.app */;
			productType = "com.apple.product-type.application";
		};
		46D32CCA19C247C3006A5B83 /* CoreDataAppTests */ = {
			isa = PBXNativeTarget;
			buildConfigurationList = 46D32CE019C247C3006A5B83 /* Build configuration list for PBXNativeTarget "CoreDataAppTests" */;
			buildPhases = (
				46D32CC719C247C3006A5B83 /* Sources */,
				46D32CC819C247C3006A5B83 /* Frameworks */,
				46D32CC919C247C3006A5B83 /* Resources */,
			);
			buildRules = (
			);
			dependencies = (
				46D32CD219C247C3006A5B83 /* PBXTargetDependency */,
			);
			name = CoreDataAppTests;
			productName = CoreDataAppTests;
			productReference = 46D32CCB19C247C3006A5B83 /* CoreDataAppTests.xctest */;
			productType = "com.apple.product-type.bundle.unit-test";
		};
/* End PBXNativeTarget section */

/* Begin PBXProject section */
		46D32CA319C247C3006A5B83 /* Project object */ = {
			isa = PBXProject;
			attributes = {
				LastUpgradeCheck = 0510;
				ORGANIZATIONNAME = "Abhishek Desai";
				TargetAttributes = {
					46D32CCA19C247C3006A5B83 = {
						TestTargetID = 46D32CAA19C247C3006A5B83;
					};
				};
			};
			buildConfigurationList = 46D32CA619C247C3006A5B83 /* Build configuration list for PBXProject "CoreDataApp" */;
			compatibilityVersion = "Xcode 3.2";
			developmentRegion = English;
			hasScannedForEncodings = 0;
			knownRegions = (
				en,
			);
			mainGroup = 46D32CA219C247C3006A5B83;
			productRefGroup = 46D32CAC19C247C3006A5B83 /* Products */;
			projectDirPath = "";
			projectRoot = "";
			targets = (
				46D32CAA19C247C3006A5B83 /* CoreDataApp */,
				46D32CCA19C247C3006A5B83 /* CoreDataAppTests */,
			);
		};
/* End PBXProject section */

/* Begin PBXResourcesBuildPhase section */
		46D32CA919C247C3006A5B83 /* Resources */ = {
			isa = PBXResourcesBuildPhase;
			buildActionMask = 2147483647;
			files = (
				46D32CBB19C247C3006A5B83 /* InfoPlist.strings in Resources */,
				46D32CC619C247C3006A5B83 /* Images.xcassets in Resources */,
				46D32CF519C2561D006A5B83 /* AddViewController.xib in Resources */,
				46D32CF019C24F05006A5B83 /* SimpleTableCell.xib in Resources */,
				46D32CEB19C24DC7006A5B83 /* ListViewController.xib in Resources */,
			);
			runOnlyForDeploymentPostprocessing = 0;
		};
		46D32CC919C247C3006A5B83 /* Resources */ = {
			isa = PBXResourcesBuildPhase;
			buildActionMask = 2147483647;
			files = (
				46D32CD819C247C3006A5B83 /* InfoPlist.strings in Resources */,
			);
			runOnlyForDeploymentPostprocessing = 0;
		};
/* End PBXResourcesBuildPhase section */

/* Begin PBXSourcesBuildPhase section */
		46D32CA719C247C3006A5B83 /* Sources */ = {
			isa = PBXSourcesBuildPhase;
			buildActionMask = 2147483647;
			files = (
				46D32CC119C247C3006A5B83 /* AppDelegate.m in Sources */,
				46D32CC419C247C3006A5B83 /* CoreDataApp.xcdatamodeld in Sources */,
				46D32CF419C2561D006A5B83 /* AddViewController.m in Sources */,
				46D32CEA19C24DC7006A5B83 /* ListViewController.m in Sources */,
				46D32CBD19C247C3006A5B83 /* main.m in Sources */,
				46D32CEF19C24F05006A5B83 /* SimpleTableCell.m in Sources */,
			);
			runOnlyForDeploymentPostprocessing = 0;
		};
		46D32CC719C247C3006A5B83 /* Sources */ = {
			isa = PBXSourcesBuildPhase;
			buildActionMask = 2147483647;
			files = (
				46D32CDA19C247C3006A5B83 /* CoreDataAppTests.m in Sources */,
			);
			runOnlyForDeploymentPostprocessing = 0;
		};
/* End PBXSourcesBuildPhase section */

/* Begin PBXTargetDependency section */
		46D32CD219C247C3006A5B83 /* PBXTargetDependency */ = {
			isa = PBXTargetDependency;
			target = 46D32CAA19C247C3006A5B83 /* CoreDataApp */;
			targetProxy = 46D32CD119C247C3006A5B83 /* PBXContainerItemProxy */;
		};
/* End PBXTargetDependency section */

/* Begin PBXVariantGroup section */
		46D32CB919C247C3006A5B83 /* InfoPlist.strings */ = {
			isa = PBXVariantGroup;
			children = (
				46D32CBA19C247C3006A5B83 /* en */,
			);
			name = InfoPlist.strings;
			sourceTree = "<group>";
		};
		46D32CD619C247C3006A5B83 /* InfoPlist.strings */ = {
			isa = PBXVariantGroup;
			children = (
				46D32CD719C247C3006A5B83 /* en */,
			);
			name = InfoPlist.strings;
			sourceTree = "<group>";
		};
/* End PBXVariantGroup section */

/* Begin XCBuildConfiguration section */
		46D32CDB19C247C3006A5B83 /* Debug */ = {
			isa = XCBuildConfiguration;
			buildSettings = {
				ALWAYS_SEARCH_USER_PATHS = NO;
				CLANG_CXX_LANGUAGE_STANDARD = "gnu++0x";
				CLANG_CXX_LIBRARY = "libc++";
				CLANG_ENABLE_MODULES = YES;
				CLANG_ENABLE_OBJC_ARC = YES;
				CLANG_WARN_BOOL_CONVERSION = YES;
				CLANG_WARN_CONSTANT_CONVERSION = YES;
				CLANG_WARN_DIRECT_OBJC_ISA_USAGE = YES_ERROR;
				CLANG_WARN_EMPTY_BODY = YES;
				CLANG_WARN_ENUM_CONVERSION = YES;
				CLANG_WARN_INT_CONVERSION = YES;
				CLANG_WARN_OBJC_ROOT_CLASS = YES_ERROR;
				CLANG_WARN__DUPLICATE_METHOD_MATCH = YES;
				"CODE_SIGN_IDENTITY[sdk=iphoneos*]" = "iPhone Developer";
				COPY_PHASE_STRIP = NO;
				GCC_C_LANGUAGE_STANDARD = gnu99;
				GCC_DYNAMIC_NO_PIC = NO;
				GCC_OPTIMIZATION_LEVEL = 0;
				GCC_PREPROCESSOR_DEFINITIONS = (
					"DEBUG=1",
					"$(inherited)",
				);
				GCC_SYMBOLS_PRIVATE_EXTERN = NO;
				GCC_WARN_64_TO_32_BIT_CONVERSION = YES;
				GCC_WARN_ABOUT_RETURN_TYPE = YES_ERROR;
				GCC_WARN_UNDECLARED_SELECTOR = YES;
				GCC_WARN_UNINITIALIZED_AUTOS = YES_AGGRESSIVE;
				GCC_WARN_UNUSED_FUNCTION = YES;
				GCC_WARN_UNUSED_VARIABLE = YES;
				IPHONEOS_DEPLOYMENT_TARGET = 7.1;
				ONLY_ACTIVE_ARCH = YES;
				SDKROOT = iphoneos;
			};
			name = Debug;
		};
		46D32CDC19C247C3006A5B83 /* Release */ = {
			isa = XCBuildConfiguration;
			buildSettings = {
				ALWAYS_SEARCH_USER_PATHS = NO;
				CLANG_CXX_LANGUAGE_STANDARD = "gnu++0x";
				CLANG_CXX_LIBRARY = "libc++";
				CLANG_ENABLE_MODULES = YES;
				CLANG_ENABLE_OBJC_ARC = YES;
				CLANG_WARN_BOOL_CONVERSION = YES;
				CLANG_WARN_CONSTANT_CONVERSION = YES;
				CLANG_WARN_DIRECT_OBJC_ISA_USAGE = YES_ERROR;
				CLANG_WARN_EMPTY_BODY = YES;
				CLANG_WARN_ENUM_CONVERSION = YES;
				CLANG_WARN_INT_CONVERSION = YES;
				CLANG_WARN_OBJC_ROOT_CLASS = YES_ERROR;
				CLANG_WARN__DUPLICATE_METHOD_MATCH = YES;
				"CODE_SIGN_IDENTITY[sdk=iphoneos*]" = "iPhone Developer";
				COPY_PHASE_STRIP = YES;
				ENABLE_NS_ASSERTIONS = NO;
				GCC_C_LANGUAGE_STANDARD = gnu99;
				GCC_WARN_64_TO_32_BIT_CONVERSION = YES;
				GCC_WARN_ABOUT_RETURN_TYPE = YES_ERROR;
				GCC_WARN_UNDECLARED_SELECTOR = YES;
				GCC_WARN_UNINITIALIZED_AUTOS = YES_AGGRESSIVE;
				GCC_WARN_UNUSED_FUNCTION = YES;
				GCC_WARN_UNUSED_VARIABLE = YES;
				IPHONEOS_DEPLOYMENT_TARGET = 7.1;
				SDKROOT = iphoneos;
				VALIDATE_PRODUCT = YES;
			};
			name = Release;
		};
		46D32CDE19C247C3006A5B83 /* Debug */ = {
			isa = XCBuildConfiguration;
			buildSettings = {
				ASSETCATALOG_COMPILER_APPICON_NAME = AppIcon;
				ASSETCATALOG_COMPILER_LAUNCHIMAGE_NAME = LaunchImage;
				GCC_PRECOMPILE_PREFIX_HEADER = YES;
				GCC_PREFIX_HEADER = "CoreDataApp/CoreDataApp-Prefix.pch";
				INFOPLIST_FILE = "CoreDataApp/CoreDataApp-Info.plist";
				PRODUCT_NAME = "$(TARGET_NAME)";
				WRAPPER_EXTENSION = app;
			};
			name = Debug;
		};
		46D32CDF19C247C3006A5B83 /* Release */ = {
			isa = XCBuildConfiguration;
			buildSettings = {
				ASSETCATALOG_COMPILER_APPICON_NAME = AppIcon;
				ASSETCATALOG_COMPILER_LAUNCHIMAGE_NAME = LaunchImage;
				GCC_PRECOMPILE_PREFIX_HEADER = YES;
				GCC_PREFIX_HEADER = "CoreDataApp/CoreDataApp-Prefix.pch";
				INFOPLIST_FILE = "CoreDataApp/CoreDataApp-Info.plist";
				PRODUCT_NAME = "$(TARGET_NAME)";
				WRAPPER_EXTENSION = app;
			};
			name = Release;
		};
		46D32CE119C247C3006A5B83 /* Debug */ = {
			isa = XCBuildConfiguration;
			buildSettings = {
				BUNDLE_LOADER = "$(BUILT_PRODUCTS_DIR)/CoreDataApp.app/CoreDataApp";
				FRAMEWORK_SEARCH_PATHS = (
					"$(SDKROOT)/Developer/Library/Frameworks",
					"$(inherited)",
					"$(DEVELOPER_FRAMEWORKS_DIR)",
				);
				GCC_PRECOMPILE_PREFIX_HEADER = YES;
				GCC_PREFIX_HEADER = "CoreDataApp/CoreDataApp-Prefix.pch";
				GCC_PREPROCESSOR_DEFINITIONS = (
					"DEBUG=1",
					"$(inherited)",
				);
				INFOPLIST_FILE = "CoreDataAppTests/CoreDataAppTests-Info.plist";
				PRODUCT_NAME = "$(TARGET_NAME)";
				TEST_HOST = "$(BUNDLE_LOADER)";
				WRAPPER_EXTENSION = xctest;
			};
			name = Debug;
		};
		46D32CE219C247C3006A5B83 /* Release */ = {
			isa = XCBuildConfiguration;
			buildSettings = {
				BUNDLE_LOADER = "$(BUILT_PRODUCTS_DIR)/CoreDataApp.app/CoreDataApp";
				FRAMEWORK_SEARCH_PATHS = (
					"$(SDKROOT)/Developer/Library/Frameworks",
					"$(inherited)",
					"$(DEVELOPER_FRAMEWORKS_DIR)",
				);
				GCC_PRECOMPILE_PREFIX_HEADER = YES;
				GCC_PREFIX_HEADER = "CoreDataApp/CoreDataApp-Prefix.pch";
				INFOPLIST_FILE = "CoreDataAppTests/CoreDataAppTests-Info.plist";
				PRODUCT_NAME = "$(TARGET_NAME)";
				TEST_HOST = "$(BUNDLE_LOADER)";
				WRAPPER_EXTENSION = xctest;
			};
			name = Release;
		};
/* End XCBuildConfiguration section */

/* Begin XCConfigurationList section */
		46D32CA619C247C3006A5B83 /* Build configuration list for PBXProject "CoreDataApp" */ = {
			isa = XCConfigurationList;
			buildConfigurations = (
				46D32CDB19C247C3006A5B83 /* Debug */,
				46D32CDC19C247C3006A5B83 /* Release */,
			);
			defaultConfigurationIsVisible = 0;
			defaultConfigurationName = Release;
		};
		46D32CDD19C247C3006A5B83 /* Build configuration list for PBXNativeTarget "CoreDataApp" */ = {
			isa = XCConfigurationList;
			buildConfigurations = (
				46D32CDE19C247C3006A5B83 /* Debug */,
				46D32CDF19C247C3006A5B83 /* Release */,
			);
			defaultConfigurationIsVisible = 0;
		};
		46D32CE019C247C3006A5B83 /* Build configuration list for PBXNativeTarget "CoreDataAppTests" */ = {
			isa = XCConfigurationList;
			buildConfigurations = (
				46D32CE119C247C3006A5B83 /* Debug */,
				46D32CE219C247C3006A5B83 /* Release */,
			);
			defaultConfigurationIsVisible = 0;
		};
/* End XCConfigurationList section */

/* Begin XCVersionGroup section */
		46D32CC219C247C3006A5B83 /* CoreDataApp.xcdatamodeld */ = {
			isa = XCVersionGroup;
			children = (
				46D32CC319C247C3006A5B83 /* CoreDataApp.xcdatamodel */,
			);
			currentVersion = 46D32CC319C247C3006A5B83 /* CoreDataApp.xcdatamodel */;
			path = CoreDataApp.xcdatamodeld;
			sourceTree = "<group>";
			versionGroupType = wrapper.xcdatamodel;
		};
/* End XCVersionGroup section */
	};
	rootObject = 46D32CA319C247C3006A5B83 /* Project object */;
}
